
Microsoft Visual Studio Solution File, Format Version 12.00
# Visual Studio Version 17
VisualStudioVersion = 17.8.34511.84
MinimumVisualStudioVersion = 10.0.40219.1
Project("{FAE04EC0-301F-11D3-BF4B-00C04F79EFBC}") = "library-automation-back-end", "library-automation-back-end.csproj", "{2AD8F67E-9DB5-4E48-8978-57769675CF43}"
EndProject
Global
	GlobalSection(SolutionConfigurationPlatforms) = preSolution
		Debug|Any CPU = Debug|Any CPU
		Release|Any CPU = Release|Any CPU
	EndGlobalSection
	GlobalSection(ProjectConfigurationPlatforms) = postSolution
		{2AD8F67E-9DB5-4E48-8978-57769675CF43}.Debug|Any CPU.ActiveCfg = Debug|Any CPU
		{2AD8F67E-9DB5-4E48-8978-57769675CF43}.Debug|Any CPU.Build.0 = Debug|Any CPU
		{2AD8F67E-9DB5-4E48-8978-57769675CF43}.Release|Any CPU.ActiveCfg = Release|Any CPU
		{2AD8F67E-9DB5-4E48-8978-57769675CF43}.Release|Any CPU.Build.0 = Release|Any CPU
	EndGlobalSection
	GlobalSection(SolutionProperties) = preSolution
		HideSolutionNode = FALSE
	EndGlobalSection
	GlobalSection(ExtensibilityGlobals) = postSolution
		SolutionGuid = {E1497965-16E6-4200-AD66-AC3E55524D9A}
	EndGlobalSection
EndGlobal
